
Microsoft Visual Studio Solution File, Format Version 12.00
# Visual Studio Version 17
VisualStudioVersion = 17.5.33516.290
MinimumVisualStudioVersion = 10.0.40219.1
Project("{FAE04EC0-301F-11D3-BF4B-00C04F79EFBC}") = "Registration", "Registration\Registration.csproj", "{FD66DCB7-511F-46F9-9341-33EFAA5BDA38}"
EndProject
Project("{2150E333-8FDC-42A3-9474-1A3956D46DE8}") = "Microservices", "Microservices", "{55F258F3-32AA-4664-A760-2AD85E663E15}"
EndProject
Global
	GlobalSection(SolutionConfigurationPlatforms) = preSolution
		Debug|Any CPU = Debug|Any CPU
		Release|Any CPU = Release|Any CPU
	EndGlobalSection
	GlobalSection(ProjectConfigurationPlatforms) = postSolution
		{FD66DCB7-511F-46F9-9341-33EFAA5BDA38}.Debug|Any CPU.ActiveCfg = Debug|Any CPU
		{FD66DCB7-511F-46F9-9341-33EFAA5BDA38}.Debug|Any CPU.Build.0 = Debug|Any CPU
		{FD66DCB7-511F-46F9-9341-33EFAA5BDA38}.Release|Any CPU.ActiveCfg = Release|Any CPU
		{FD66DCB7-511F-46F9-9341-33EFAA5BDA38}.Release|Any CPU.Build.0 = Release|Any CPU
	EndGlobalSection
	GlobalSection(SolutionProperties) = preSolution
		HideSolutionNode = FALSE
	EndGlobalSection
	GlobalSection(NestedProjects) = preSolution
		{FD66DCB7-511F-46F9-9341-33EFAA5BDA38} = {55F258F3-32AA-4664-A760-2AD85E663E15}
	EndGlobalSection
	GlobalSection(ExtensibilityGlobals) = postSolution
		SolutionGuid = {C1EFDE55-A061-4C5F-A048-EDC424A99AFC}
	EndGlobalSection
EndGlobal
